// !$*UTF8*$!
{
	archiveVersion = 1;
	classes = {
	};
	objectVersion = 46;
	objects = {

/* Begin PBXBuildFile section */
		402E8CDB1CD7BF7B00A8C603 /* util.swift in Sources */ = {isa = PBXBuildFile; fileRef = 402E8CDA1CD7BF7B00A8C603 /* util.swift */; };
		402E8D111CD87B3F00A8C603 /* Label.swift in Sources */ = {isa = PBXBuildFile; fileRef = 402E8D101CD87B3F00A8C603 /* Label.swift */; };
		402E8D151CD87D6E00A8C603 /* SnapKit.framework.dSYM in Resources */ = {isa = PBXBuildFile; fileRef = 402E8D131CD87D6E00A8C603 /* SnapKit.framework.dSYM */; };
		402E8D161CD87D8200A8C603 /* SnapKit.framework in Frameworks */ = {isa = PBXBuildFile; fileRef = 402E8D121CD87D6E00A8C603 /* SnapKit.framework */; };
		402E8D171CD87D8200A8C603 /* SnapKit.framework in Embed Frameworks */ = {isa = PBXBuildFile; fileRef = 402E8D121CD87D6E00A8C603 /* SnapKit.framework */; settings = {ATTRIBUTES = (CodeSignOnCopy, RemoveHeadersOnCopy, ); }; };
		402E8D191CD87D9500A8C603 /* SnapKit.framework.dSYM in CopyFiles */ = {isa = PBXBuildFile; fileRef = 402E8D131CD87D6E00A8C603 /* SnapKit.framework.dSYM */; };
		402E8D361CD8A01200A8C603 /* AccountSwicherView.swift in Sources */ = {isa = PBXBuildFile; fileRef = 402E8D351CD8A01200A8C603 /* AccountSwicherView.swift */; };
		402E8D391CD8A3FA00A8C603 /* Kingfisher.framework in Frameworks */ = {isa = PBXBuildFile; fileRef = 402E8D371CD8A3FA00A8C603 /* Kingfisher.framework */; };
		402E8D3A1CD8A3FA00A8C603 /* Kingfisher.framework.dSYM in Resources */ = {isa = PBXBuildFile; fileRef = 402E8D381CD8A3FA00A8C603 /* Kingfisher.framework.dSYM */; };
		402E8D3B1CD8A40000A8C603 /* Kingfisher.framework in Embed Frameworks */ = {isa = PBXBuildFile; fileRef = 402E8D371CD8A3FA00A8C603 /* Kingfisher.framework */; settings = {ATTRIBUTES = (CodeSignOnCopy, RemoveHeadersOnCopy, ); }; };
		402E8D3C1CD8A40E00A8C603 /* Kingfisher.framework.dSYM in CopyFiles */ = {isa = PBXBuildFile; fileRef = 402E8D381CD8A3FA00A8C603 /* Kingfisher.framework.dSYM */; };
		402E8D3E1CD8B4C800A8C603 /* TwitterIconUrlHosts.swift in Sources */ = {isa = PBXBuildFile; fileRef = 402E8D3D1CD8B4C800A8C603 /* TwitterIconUrlHosts.swift */; };
		4069D2E81CD7780000DE519E /* AppDelegate.swift in Sources */ = {isa = PBXBuildFile; fileRef = 4069D2E71CD7780000DE519E /* AppDelegate.swift */; };
		4069D2EA1CD7780000DE519E /* ViewController.swift in Sources */ = {isa = PBXBuildFile; fileRef = 4069D2E91CD7780000DE519E /* ViewController.swift */; };
		4069D2EC1CD7780000DE519E /* Assets.xcassets in Resources */ = {isa = PBXBuildFile; fileRef = 4069D2EB1CD7780000DE519E /* Assets.xcassets */; };
		4069D2EF1CD7780000DE519E /* Main.storyboard in Resources */ = {isa = PBXBuildFile; fileRef = 4069D2ED1CD7780000DE519E /* Main.storyboard */; };
		4069D2F71CD781CF00DE519E /* Tweeter.swift in Sources */ = {isa = PBXBuildFile; fileRef = 4069D2F61CD781CF00DE519E /* Tweeter.swift */; };
		4069D3181CD78CB400DE519E /* NoBarWindow.swift in Sources */ = {isa = PBXBuildFile; fileRef = 4069D3171CD78CB400DE519E /* NoBarWindow.swift */; };
		4069D31C1CD7982400DE519E /* GCD.swift in Sources */ = {isa = PBXBuildFile; fileRef = 4069D31B1CD7982400DE519E /* GCD.swift */; };
		40799EF71CDC4E340052B8AA /* AutoGrowingTextField.swift in Sources */ = {isa = PBXBuildFile; fileRef = 40799EF61CDC4E340052B8AA /* AutoGrowingTextField.swift */; };
		407ACF1B1CDC9B6B00B48A4A /* GlobalShortcut.swift in Sources */ = {isa = PBXBuildFile; fileRef = 407ACF1A1CDC9B6B00B48A4A /* GlobalShortcut.swift */; };
		407ACF1D1CDC9DAF00B48A4A /* FirstLaunchChecker.swift in Sources */ = {isa = PBXBuildFile; fileRef = 407ACF1C1CDC9DAF00B48A4A /* FirstLaunchChecker.swift */; };
		407ACF1F1CDC9E2200B48A4A /* ToggleApp.swift in Sources */ = {isa = PBXBuildFile; fileRef = 407ACF1E1CDC9E2200B48A4A /* ToggleApp.swift */; };
		40B444B41CDCA567000A8BB8 /* MASShortcut.framework.dSYM in Resources */ = {isa = PBXBuildFile; fileRef = 40B444B21CDCA567000A8BB8 /* MASShortcut.framework.dSYM */; };
		40B444B71CDCA58D000A8BB8 /* MASShortcut.framework in Frameworks */ = {isa = PBXBuildFile; fileRef = 40B444B11CDCA567000A8BB8 /* MASShortcut.framework */; };
		40B444B81CDCA58D000A8BB8 /* MASShortcut.framework in Embed Frameworks */ = {isa = PBXBuildFile; fileRef = 40B444B11CDCA567000A8BB8 /* MASShortcut.framework */; settings = {ATTRIBUTES = (CodeSignOnCopy, RemoveHeadersOnCopy, ); }; };
		40B444B91CDCA5A0000A8BB8 /* MASShortcut.framework.dSYM in CopyFiles */ = {isa = PBXBuildFile; fileRef = 40B444B21CDCA567000A8BB8 /* MASShortcut.framework.dSYM */; };
/* End PBXBuildFile section */

/* Begin PBXCopyFilesBuildPhase section */
		402E8D181CD87D8200A8C603 /* Embed Frameworks */ = {
			isa = PBXCopyFilesBuildPhase;
			buildActionMask = 2147483647;
			dstPath = "";
			dstSubfolderSpec = 10;
			files = (
				40B444B81CDCA58D000A8BB8 /* MASShortcut.framework in Embed Frameworks */,
				402E8D171CD87D8200A8C603 /* SnapKit.framework in Embed Frameworks */,
				402E8D3B1CD8A40000A8C603 /* Kingfisher.framework in Embed Frameworks */,
			);
			name = "Embed Frameworks";
			runOnlyForDeploymentPostprocessing = 0;
		};
		4069D3241CD79B0700DE519E /* CopyFiles */ = {
			isa = PBXCopyFilesBuildPhase;
			buildActionMask = 2147483647;
			dstPath = "";
			dstSubfolderSpec = 16;
			files = (
				402E8D191CD87D9500A8C603 /* SnapKit.framework.dSYM in CopyFiles */,
				402E8D3C1CD8A40E00A8C603 /* Kingfisher.framework.dSYM in CopyFiles */,
				40B444B91CDCA5A0000A8BB8 /* MASShortcut.framework.dSYM in CopyFiles */,
			);
			runOnlyForDeploymentPostprocessing = 0;
		};
/* End PBXCopyFilesBuildPhase section */

/* Begin PBXFileReference section */
		402E8CDA1CD7BF7B00A8C603 /* util.swift */ = {isa = PBXFileReference; fileEncoding = 4; lastKnownFileType = sourcecode.swift; path = util.swift; sourceTree = "<group>"; };
		402E8D101CD87B3F00A8C603 /* Label.swift */ = {isa = PBXFileReference; fileEncoding = 4; lastKnownFileType = sourcecode.swift; path = Label.swift; sourceTree = "<group>"; };
		402E8D121CD87D6E00A8C603 /* SnapKit.framework */ = {isa = PBXFileReference; lastKnownFileType = wrapper.framework; path = SnapKit.framework; sourceTree = "<group>"; };
		402E8D131CD87D6E00A8C603 /* SnapKit.framework.dSYM */ = {isa = PBXFileReference; lastKnownFileType = wrapper.dsym; path = SnapKit.framework.dSYM; sourceTree = "<group>"; };
		402E8D351CD8A01200A8C603 /* AccountSwicherView.swift */ = {isa = PBXFileReference; fileEncoding = 4; lastKnownFileType = sourcecode.swift; path = AccountSwicherView.swift; sourceTree = "<group>"; };
		402E8D371CD8A3FA00A8C603 /* Kingfisher.framework */ = {isa = PBXFileReference; lastKnownFileType = wrapper.framework; path = Kingfisher.framework; sourceTree = "<group>"; };
		402E8D381CD8A3FA00A8C603 /* Kingfisher.framework.dSYM */ = {isa = PBXFileReference; lastKnownFileType = wrapper.dsym; path = Kingfisher.framework.dSYM; sourceTree = "<group>"; };
		402E8D3D1CD8B4C800A8C603 /* TwitterIconUrlHosts.swift */ = {isa = PBXFileReference; fileEncoding = 4; lastKnownFileType = sourcecode.swift; path = TwitterIconUrlHosts.swift; sourceTree = "<group>"; };
		4069D2E41CD7780000DE519E /* tweetSample.app */ = {isa = PBXFileReference; explicitFileType = wrapper.application; includeInIndex = 0; path = tweetSample.app; sourceTree = BUILT_PRODUCTS_DIR; };
		4069D2E71CD7780000DE519E /* AppDelegate.swift */ = {isa = PBXFileReference; lastKnownFileType = sourcecode.swift; path = AppDelegate.swift; sourceTree = "<group>"; };
		4069D2E91CD7780000DE519E /* ViewController.swift */ = {isa = PBXFileReference; lastKnownFileType = sourcecode.swift; path = ViewController.swift; sourceTree = "<group>"; };
		4069D2EB1CD7780000DE519E /* Assets.xcassets */ = {isa = PBXFileReference; lastKnownFileType = folder.assetcatalog; path = Assets.xcassets; sourceTree = "<group>"; };
		4069D2EE1CD7780000DE519E /* Base */ = {isa = PBXFileReference; lastKnownFileType = file.storyboard; name = Base; path = Base.lproj/Main.storyboard; sourceTree = "<group>"; };
		4069D2F01CD7780000DE519E /* Info.plist */ = {isa = PBXFileReference; lastKnownFileType = text.plist.xml; path = Info.plist; sourceTree = "<group>"; };
		4069D2F61CD781CF00DE519E /* Tweeter.swift */ = {isa = PBXFileReference; fileEncoding = 4; lastKnownFileType = sourcecode.swift; path = Tweeter.swift; sourceTree = "<group>"; };
		4069D3171CD78CB400DE519E /* NoBarWindow.swift */ = {isa = PBXFileReference; fileEncoding = 4; lastKnownFileType = sourcecode.swift; path = NoBarWindow.swift; sourceTree = "<group>"; };
		4069D31B1CD7982400DE519E /* GCD.swift */ = {isa = PBXFileReference; fileEncoding = 4; lastKnownFileType = sourcecode.swift; path = GCD.swift; sourceTree = "<group>"; };
		40799EF61CDC4E340052B8AA /* AutoGrowingTextField.swift */ = {isa = PBXFileReference; fileEncoding = 4; lastKnownFileType = sourcecode.swift; path = AutoGrowingTextField.swift; sourceTree = "<group>"; };
		407ACF1A1CDC9B6B00B48A4A /* GlobalShortcut.swift */ = {isa = PBXFileReference; fileEncoding = 4; lastKnownFileType = sourcecode.swift; path = GlobalShortcut.swift; sourceTree = "<group>"; };
		407ACF1C1CDC9DAF00B48A4A /* FirstLaunchChecker.swift */ = {isa = PBXFileReference; fileEncoding = 4; lastKnownFileType = sourcecode.swift; path = FirstLaunchChecker.swift; sourceTree = "<group>"; };
		407ACF1E1CDC9E2200B48A4A /* ToggleApp.swift */ = {isa = PBXFileReference; fileEncoding = 4; lastKnownFileType = sourcecode.swift; path = ToggleApp.swift; sourceTree = "<group>"; };
		40B444B11CDCA567000A8BB8 /* MASShortcut.framework */ = {isa = PBXFileReference; lastKnownFileType = wrapper.framework; path = MASShortcut.framework; sourceTree = "<group>"; };
		40B444B21CDCA567000A8BB8 /* MASShortcut.framework.dSYM */ = {isa = PBXFileReference; lastKnownFileType = wrapper.dsym; path = MASShortcut.framework.dSYM; sourceTree = "<group>"; };
/* End PBXFileReference section */

/* Begin PBXFrameworksBuildPhase section */
		4069D2E11CD7780000DE519E /* Frameworks */ = {
			isa = PBXFrameworksBuildPhase;
			buildActionMask = 2147483647;
			files = (
				40B444B71CDCA58D000A8BB8 /* MASShortcut.framework in Frameworks */,
				402E8D391CD8A3FA00A8C603 /* Kingfisher.framework in Frameworks */,
				402E8D161CD87D8200A8C603 /* SnapKit.framework in Frameworks */,
			);
			runOnlyForDeploymentPostprocessing = 0;
		};
/* End PBXFrameworksBuildPhase section */

/* Begin PBXGroup section */
		402E8CE71CD8708500A8C603 /* Carthage */ = {
			isa = PBXGroup;
			children = (
				40B444B11CDCA567000A8BB8 /* MASShortcut.framework */,
				40B444B21CDCA567000A8BB8 /* MASShortcut.framework.dSYM */,
				402E8D371CD8A3FA00A8C603 /* Kingfisher.framework */,
				402E8D381CD8A3FA00A8C603 /* Kingfisher.framework.dSYM */,
				402E8D121CD87D6E00A8C603 /* SnapKit.framework */,
				402E8D131CD87D6E00A8C603 /* SnapKit.framework.dSYM */,
			);
			name = Carthage;
			path = Carthage/Build/Mac;
			sourceTree = SOURCE_ROOT;
		};
		4069D2DB1CD7780000DE519E = {
			isa = PBXGroup;
			children = (
				4069D2E61CD7780000DE519E /* tweetSample */,
				4069D2E51CD7780000DE519E /* Products */,
			);
			sourceTree = "<group>";
		};
		4069D2E51CD7780000DE519E /* Products */ = {
			isa = PBXGroup;
			children = (
				4069D2E41CD7780000DE519E /* tweetSample.app */,
			);
			name = Products;
			sourceTree = "<group>";
		};
		4069D2E61CD7780000DE519E /* tweetSample */ = {
			isa = PBXGroup;
			children = (
				402E8CE71CD8708500A8C603 /* Carthage */,
				4069D2E71CD7780000DE519E /* AppDelegate.swift */,
				4069D3171CD78CB400DE519E /* NoBarWindow.swift */,
				4069D2F61CD781CF00DE519E /* Tweeter.swift */,
				4069D31B1CD7982400DE519E /* GCD.swift */,
				402E8CDA1CD7BF7B00A8C603 /* util.swift */,
				407ACF1C1CDC9DAF00B48A4A /* FirstLaunchChecker.swift */,
				407ACF1A1CDC9B6B00B48A4A /* GlobalShortcut.swift */,
				407ACF1E1CDC9E2200B48A4A /* ToggleApp.swift */,
				40799EF61CDC4E340052B8AA /* AutoGrowingTextField.swift */,
				4069D2E91CD7780000DE519E /* ViewController.swift */,
				402E8D3D1CD8B4C800A8C603 /* TwitterIconUrlHosts.swift */,
				402E8D351CD8A01200A8C603 /* AccountSwicherView.swift */,
				402E8D101CD87B3F00A8C603 /* Label.swift */,
				4069D2EB1CD7780000DE519E /* Assets.xcassets */,
				4069D2ED1CD7780000DE519E /* Main.storyboard */,
				4069D2F01CD7780000DE519E /* Info.plist */,
			);
			path = tweetSample;
			sourceTree = "<group>";
		};
/* End PBXGroup section */

/* Begin PBXNativeTarget section */
		4069D2E31CD7780000DE519E /* tweetSample */ = {
			isa = PBXNativeTarget;
			buildConfigurationList = 4069D2F31CD7780000DE519E /* Build configuration list for PBXNativeTarget "tweetSample" */;
			buildPhases = (
				4069D2E01CD7780000DE519E /* Sources */,
				4069D2E11CD7780000DE519E /* Frameworks */,
				4069D2E21CD7780000DE519E /* Resources */,
				402E8D181CD87D8200A8C603 /* Embed Frameworks */,
				4069D3241CD79B0700DE519E /* CopyFiles */,
			);
			buildRules = (
			);
			dependencies = (
			);
			name = tweetSample;
			productName = tweetSample;
			productReference = 4069D2E41CD7780000DE519E /* tweetSample.app */;
			productType = "com.apple.product-type.application";
		};
/* End PBXNativeTarget section */

/* Begin PBXProject section */
		4069D2DC1CD7780000DE519E /* Project object */ = {
			isa = PBXProject;
			attributes = {
				LastSwiftUpdateCheck = 0730;
				LastUpgradeCheck = 0730;
				ORGANIZATIONNAME = "岡本 拓也";
				TargetAttributes = {
					4069D2E31CD7780000DE519E = {
						CreatedOnToolsVersion = 7.3;
					};
				};
			};
			buildConfigurationList = 4069D2DF1CD7780000DE519E /* Build configuration list for PBXProject "tweetSample" */;
			compatibilityVersion = "Xcode 3.2";
			developmentRegion = English;
			hasScannedForEncodings = 0;
			knownRegions = (
				en,
				Base,
			);
			mainGroup = 4069D2DB1CD7780000DE519E;
			productRefGroup = 4069D2E51CD7780000DE519E /* Products */;
			projectDirPath = "";
			projectRoot = "";
			targets = (
				4069D2E31CD7780000DE519E /* tweetSample */,
			);
		};
/* End PBXProject section */

/* Begin PBXResourcesBuildPhase section */
		4069D2E21CD7780000DE519E /* Resources */ = {
			isa = PBXResourcesBuildPhase;
			buildActionMask = 2147483647;
			files = (
				4069D2EC1CD7780000DE519E /* Assets.xcassets in Resources */,
				40B444B41CDCA567000A8BB8 /* MASShortcut.framework.dSYM in Resources */,
				4069D2EF1CD7780000DE519E /* Main.storyboard in Resources */,
				402E8D3A1CD8A3FA00A8C603 /* Kingfisher.framework.dSYM in Resources */,
				402E8D151CD87D6E00A8C603 /* SnapKit.framework.dSYM in Resources */,
			);
			runOnlyForDeploymentPostprocessing = 0;
		};
/* End PBXResourcesBuildPhase section */

/* Begin PBXSourcesBuildPhase section */
		4069D2E01CD7780000DE519E /* Sources */ = {
			isa = PBXSourcesBuildPhase;
			buildActionMask = 2147483647;
			files = (
				407ACF1F1CDC9E2200B48A4A /* ToggleApp.swift in Sources */,
				402E8D3E1CD8B4C800A8C603 /* TwitterIconUrlHosts.swift in Sources */,
				407ACF1B1CDC9B6B00B48A4A /* GlobalShortcut.swift in Sources */,
				402E8CDB1CD7BF7B00A8C603 /* util.swift in Sources */,
				407ACF1D1CDC9DAF00B48A4A /* FirstLaunchChecker.swift in Sources */,
				40799EF71CDC4E340052B8AA /* AutoGrowingTextField.swift in Sources */,
				4069D31C1CD7982400DE519E /* GCD.swift in Sources */,
				402E8D361CD8A01200A8C603 /* AccountSwicherView.swift in Sources */,
				4069D2F71CD781CF00DE519E /* Tweeter.swift in Sources */,
				4069D2EA1CD7780000DE519E /* ViewController.swift in Sources */,
				4069D3181CD78CB400DE519E /* NoBarWindow.swift in Sources */,
				402E8D111CD87B3F00A8C603 /* Label.swift in Sources */,
				4069D2E81CD7780000DE519E /* AppDelegate.swift in Sources */,
			);
			runOnlyForDeploymentPostprocessing = 0;
		};
/* End PBXSourcesBuildPhase section */

/* Begin PBXVariantGroup section */
		4069D2ED1CD7780000DE519E /* Main.storyboard */ = {
			isa = PBXVariantGroup;
			children = (
				4069D2EE1CD7780000DE519E /* Base */,
			);
			name = Main.storyboard;
			sourceTree = "<group>";
		};
/* End PBXVariantGroup section */

/* Begin XCBuildConfiguration section */
		4069D2F11CD7780000DE519E /* Debug */ = {
			isa = XCBuildConfiguration;
			buildSettings = {
				ALWAYS_SEARCH_USER_PATHS = NO;
				CLANG_ANALYZER_NONNULL = YES;
				CLANG_CXX_LANGUAGE_STANDARD = "gnu++0x";
				CLANG_CXX_LIBRARY = "libc++";
				CLANG_ENABLE_MODULES = YES;
				CLANG_ENABLE_OBJC_ARC = YES;
				CLANG_WARN_BOOL_CONVERSION = YES;
				CLANG_WARN_CONSTANT_CONVERSION = YES;
				CLANG_WARN_DIRECT_OBJC_ISA_USAGE = YES_ERROR;
				CLANG_WARN_EMPTY_BODY = YES;
				CLANG_WARN_ENUM_CONVERSION = YES;
				CLANG_WARN_INT_CONVERSION = YES;
				CLANG_WARN_OBJC_ROOT_CLASS = YES_ERROR;
				CLANG_WARN_UNREACHABLE_CODE = YES;
				CLANG_WARN__DUPLICATE_METHOD_MATCH = YES;
				CODE_SIGN_IDENTITY = "-";
				COPY_PHASE_STRIP = NO;
				DEBUG_INFORMATION_FORMAT = dwarf;
				ENABLE_STRICT_OBJC_MSGSEND = YES;
				ENABLE_TESTABILITY = YES;
				GCC_C_LANGUAGE_STANDARD = gnu99;
				GCC_DYNAMIC_NO_PIC = NO;
				GCC_NO_COMMON_BLOCKS = YES;
				GCC_OPTIMIZATION_LEVEL = 0;
				GCC_PREPROCESSOR_DEFINITIONS = (
					"DEBUG=1",
					"$(inherited)",
				);
				GCC_WARN_64_TO_32_BIT_CONVERSION = YES;
				GCC_WARN_ABOUT_RETURN_TYPE = YES_ERROR;
				GCC_WARN_UNDECLARED_SELECTOR = YES;
				GCC_WARN_UNINITIALIZED_AUTOS = YES_AGGRESSIVE;
				GCC_WARN_UNUSED_FUNCTION = YES;
				GCC_WARN_UNUSED_VARIABLE = YES;
				MACOSX_DEPLOYMENT_TARGET = 10.11;
				MTL_ENABLE_DEBUG_INFO = YES;
				ONLY_ACTIVE_ARCH = YES;
				SDKROOT = macosx;
				SWIFT_OPTIMIZATION_LEVEL = "-Onone";
			};
			name = Debug;
		};
		4069D2F21CD7780000DE519E /* Release */ = {
			isa = XCBuildConfiguration;
			buildSettings = {
				ALWAYS_SEARCH_USER_PATHS = NO;
				CLANG_ANALYZER_NONNULL = YES;
				CLANG_CXX_LANGUAGE_STANDARD = "gnu++0x";
				CLANG_CXX_LIBRARY = "libc++";
				CLANG_ENABLE_MODULES = YES;
				CLANG_ENABLE_OBJC_ARC = YES;
				CLANG_WARN_BOOL_CONVERSION = YES;
				CLANG_WARN_CONSTANT_CONVERSION = YES;
				CLANG_WARN_DIRECT_OBJC_ISA_USAGE = YES_ERROR;
				CLANG_WARN_EMPTY_BODY = YES;
				CLANG_WARN_ENUM_CONVERSION = YES;
				CLANG_WARN_INT_CONVERSION = YES;
				CLANG_WARN_OBJC_ROOT_CLASS = YES_ERROR;
				CLANG_WARN_UNREACHABLE_CODE = YES;
				CLANG_WARN__DUPLICATE_METHOD_MATCH = YES;
				CODE_SIGN_IDENTITY = "-";
				COPY_PHASE_STRIP = NO;
				DEBUG_INFORMATION_FORMAT = "dwarf-with-dsym";
				ENABLE_NS_ASSERTIONS = NO;
				ENABLE_STRICT_OBJC_MSGSEND = YES;
				GCC_C_LANGUAGE_STANDARD = gnu99;
				GCC_NO_COMMON_BLOCKS = YES;
				GCC_WARN_64_TO_32_BIT_CONVERSION = YES;
				GCC_WARN_ABOUT_RETURN_TYPE = YES_ERROR;
				GCC_WARN_UNDECLARED_SELECTOR = YES;
				GCC_WARN_UNINITIALIZED_AUTOS = YES_AGGRESSIVE;
				GCC_WARN_UNUSED_FUNCTION = YES;
				GCC_WARN_UNUSED_VARIABLE = YES;
				MACOSX_DEPLOYMENT_TARGET = 10.11;
				MTL_ENABLE_DEBUG_INFO = NO;
				SDKROOT = macosx;
			};
			name = Release;
		};
		4069D2F41CD7780000DE519E /* Debug */ = {
			isa = XCBuildConfiguration;
			buildSettings = {
				ASSETCATALOG_COMPILER_APPICON_NAME = AppIcon;
				COMBINE_HIDPI_IMAGES = YES;
				FRAMEWORK_SEARCH_PATHS = (
					"$(inherited)",
					"$(PROJECT_DIR)/tweetSample",
					"$(PROJECT_DIR)/Carthage/Build/Mac",
				);
				INFOPLIST_FILE = tweetSample/Info.plist;
				LD_RUNPATH_SEARCH_PATHS = "$(inherited) @executable_path/../Frameworks";
				PRODUCT_BUNDLE_IDENTIFIER = "com.taku-oka.tweetSample";
				PRODUCT_NAME = "$(TARGET_NAME)";
			};
			name = Debug;
		};
		4069D2F51CD7780000DE519E /* Release */ = {
			isa = XCBuildConfiguration;
			buildSettings = {
				ASSETCATALOG_COMPILER_APPICON_NAME = AppIcon;
				COMBINE_HIDPI_IMAGES = YES;
				FRAMEWORK_SEARCH_PATHS = (
					"$(inherited)",
					"$(PROJECT_DIR)/tweetSample",
					"$(PROJECT_DIR)/Carthage/Build/Mac",
				);
				INFOPLIST_FILE = tweetSample/Info.plist;
				LD_RUNPATH_SEARCH_PATHS = "$(inherited) @executable_path/../Frameworks";
				PRODUCT_BUNDLE_IDENTIFIER = "com.taku-oka.tweetSample";
				PRODUCT_NAME = "$(TARGET_NAME)";
			};
			name = Release;
		};
/* End XCBuildConfiguration section */

/* Begin XCConfigurationList section */
		4069D2DF1CD7780000DE519E /* Build configuration list for PBXProject "tweetSample" */ = {
			isa = XCConfigurationList;
			buildConfigurations = (
				4069D2F11CD7780000DE519E /* Debug */,
				4069D2F21CD7780000DE519E /* Release */,
			);
			defaultConfigurationIsVisible = 0;
			defaultConfigurationName = Release;
		};
		4069D2F31CD7780000DE519E /* Build configuration list for PBXNativeTarget "tweetSample" */ = {
			isa = XCConfigurationList;
			buildConfigurations = (
				4069D2F41CD7780000DE519E /* Debug */,
				4069D2F51CD7780000DE519E /* Release */,
			);
			defaultConfigurationIsVisible = 0;
			defaultConfigurationName = Release;
		};
/* End XCConfigurationList section */
	};
	rootObject = 4069D2DC1CD7780000DE519E /* Project object */;
}
